lockfileVersion: '9.0'

settings:
  autoInstallPeers: true
  excludeLinksFromLockfile: false

overrides:
  nanoid@<3.3.8: ^3.3.8

packageExtensionsChecksum: sha256-JdNGbJiseTPpch+nPxyZiUXnPT4L/9QK+c9QYg9Sroc=

importers:

  .:
    devDependencies:
      typescript:
        specifier: ^5.9.3
        version: 5.9.3

  apps/api:
    dependencies:
      use-sync-external-store:
        specifier: ^1.2.2
        version: 1.7.0(react@18.2.0)

  apps/web:
    dependencies:
      picomatch:
        specifier: ^4.0.2
        version: 4.0.7
      use-sync-external-store:
        specifier: ^1.2.2
        version: 1.7.0(react@18.2.0)

  packages/shared:
    dependencies:
      '@sindresorhus/merge-streams':
        specifier: ^4.0.0
        version: 4.0.0
      is-odd:
        specifier: ^3.0.1
        version: 3.0.1

packages:

  '@sindresorhus/merge-streams@4.0.0':
    resolution: {integrity: sha512-tlqY9xq5ukxTUZBmoOp+m61cqwQD5pHJtFY3Mn8CA8ps6yghLH/Hw8UPdqg4OLmFW3IFlcXnQNmo/dh8HzXYIQ==}
    engines: {node: '>=18'}

  is-number@6.0.0:
    resolution: {integrity: sha512-Wu1VHeILBK8KAWJUAiSZQX94GmOE45Rg6/538fKwiloUu21KncEkYGPqob2oSZ5mUT73vLGrHQjKw3KMPwfDzg==}
    engines: {node: '>=0.10.0'}

  is-odd@3.0.1:
    resolution: {integrity: sha512-CQpnWPrDwmP1+SMHXZhtLtJv90yiyVfluGsX5iNCVkrhQtU3TQHsUWPG9wkdk9Lgd5yNpAg9jQEo90CBaXgWMA==}
    engines: {node: '>=4'}

  js-tokens@4.0.0:
    resolution: {integrity: sha512-RdJUflcE3cUzKiMqQgsCu06FPu9UdIJO0beYbPhHN4k6apgJtifcoCtT9bcxOpYBtpD2kCM6Sbzg4CausW/PKQ==}

  loose-envify@1.4.0:
    resolution: {integrity: sha512-lyuxPGr/Wfhrlem2CL/UcnUc1zcqKAImBDzukY7Y5F/yQiNdko6+fRLevlw1HgMySw7f611UIY408EtxRSoK3Q==}
    hasBin: true

  picomatch@4.0.7:
    resolution: {integrity: sha512-qcJu88Q2IWqJsDD529JKMdwGm/dvInW4HvQnRwiH9JtihJvzGOscDtHE3x1pBKeUOTysQ8kVmLnJ2kJu7yhcGA==}
    engines: {node: '>=12'}

  react@18.2.0:
    resolution: {integrity: sha512-/3IjMdb2L9QbBdWiW5e3P2/npwMBaU9mHCSCUzNln0ZCYbcfTsGbTJrU/kGemdH2IWmB2ioZ+zkxtmq6g09fGQ==}
    engines: {node: '>=0.10.0'}

  typescript@5.9.3:
    resolution: {integrity: sha512-jl1vZzPDinLr9eUt3J/t7V6FgNEw9QjvBPdysz9KfQDD41fQrC2Y4vKQdiaUpFT4bXlb1RHhLpp8wtm6M5TgSw==}
    engines: {node: '>=14.17'}
    hasBin: true

  use-sync-external-store@1.7.0:
    resolution: {integrity: sha512-6L+EeigHMQhdaIPNIFUKwfWJSwWFQ8gJbJ2DLOs5sDIegTwR9fRxvnM3uciHKjIZhFz+KAv2emhWMRvDmMcY8A==}
    peerDependencies:
      react: ^16.8.0 || ^17.0.0 || ^18.0.0 || ^19.0.0

snapshots:

  '@sindresorhus/merge-streams@4.0.0': {}

  is-number@6.0.0: {}

  is-odd@3.0.1:
    dependencies:
      is-number: 6.0.0

  js-tokens@4.0.0: {}

  loose-envify@1.4.0:
    dependencies:
      js-tokens: 4.0.0

  picomatch@4.0.7: {}

  react@18.2.0:
    dependencies:
      loose-envify: 1.4.0

  typescript@5.9.3: {}

  use-sync-external-store@1.7.0(react@18.2.0):
    dependencies:
      react: 18.2.0
